
Microsoft Visual Studio Solution File, Format Version 12.00
# Visual Studio Version 17
VisualStudioVersion = 17.7.34003.232
MinimumVisualStudioVersion = 10.0.40219.1
Project("{FAE04EC0-301F-11D3-BF4B-00C04F79EFBC}") = "project 1", "project 1\project 1.csproj", "{51C77955-B59D-4736-BF95-2BC6D23AD981}"
EndProject
Global
	GlobalSection(SolutionConfigurationPlatforms) = preSolution
		Debug|Any CPU = Debug|Any CPU
		Release|Any CPU = Release|Any CPU
	EndGlobalSection
	GlobalSection(ProjectConfigurationPlatforms) = postSolution
		{51C77955-B59D-4736-BF95-2BC6D23AD981}.Debug|Any CPU.ActiveCfg = Debug|Any CPU
		{51C77955-B59D-4736-BF95-2BC6D23AD981}.Debug|Any CPU.Build.0 = Debug|Any CPU
		{51C77955-B59D-4736-BF95-2BC6D23AD981}.Release|Any CPU.ActiveCfg = Release|Any CPU
		{51C77955-B59D-4736-BF95-2BC6D23AD981}.Release|Any CPU.Build.0 = Release|Any CPU
	EndGlobalSection
	GlobalSection(SolutionProperties) = preSolution
		HideSolutionNode = FALSE
	EndGlobalSection
	GlobalSection(ExtensibilityGlobals) = postSolution
		SolutionGuid = {7DA8598B-7A93-4DEF-9E7F-41815573CC84}
	EndGlobalSection
EndGlobal
